
Microsoft Visual Studio Solution File, Format Version 12.00
# Visual Studio Version 17
VisualStudioVersion = 17.0.31912.275
MinimumVisualStudioVersion = 10.0.40219.1
Project("{FAE04EC0-301F-11D3-BF4B-00C04F79EFBC}") = "SyntaxSugar", "SyntaxSugar\SyntaxSugar.csproj", "{52860059-6AA8-40FA-AEE9-9CE97F1CDCDD}"
EndProject
Global
	GlobalSection(SolutionConfigurationPlatforms) = preSolution
		Debug|Any CPU = Debug|Any CPU
		Release|Any CPU = Release|Any CPU
	EndGlobalSection
	GlobalSection(ProjectConfigurationPlatforms) = postSolution
		{52860059-6AA8-40FA-AEE9-9CE97F1CDCDD}.Debug|Any CPU.ActiveCfg = Debug|Any CPU
		{52860059-6AA8-40FA-AEE9-9CE97F1CDCDD}.Debug|Any CPU.Build.0 = Debug|Any CPU
		{52860059-6AA8-40FA-AEE9-9CE97F1CDCDD}.Release|Any CPU.ActiveCfg = Release|Any CPU
		{52860059-6AA8-40FA-AEE9-9CE97F1CDCDD}.Release|Any CPU.Build.0 = Release|Any CPU
	EndGlobalSection
	GlobalSection(SolutionProperties) = preSolution
		HideSolutionNode = FALSE
	EndGlobalSection
	GlobalSection(ExtensibilityGlobals) = postSolution
		SolutionGuid = {414E6F5B-6740-4BDC-A41E-740DBBBB1938}
	EndGlobalSection
EndGlobal
